// !$*UTF8*$!
{
	archiveVersion = 1;
	classes = {
	};
	objectVersion = 50;
	objects = {

/* Begin PBXBuildFile section */
		D197B7E5B67F2227C61EC3AA /* Expense.swift in Sources */ = {isa = PBXBuildFile; fileRef = D197BA833C2DD32EE562050F /* Expense.swift */; };
		D197B9C940062DB17E5CA124 /* ExpenseTests.swift in Sources */ = {isa = PBXBuildFile; fileRef = D197B07C0F429243C98F3BAC /* ExpenseTests.swift */; };
		D197BAFA6CE7731CB42ED6B4 /* Expense.swift in Sources */ = {isa = PBXBuildFile; fileRef = D197BA833C2DD32EE562050F /* Expense.swift */; };
		E6467D392130378D008AAEF0 /* TestPersistantManger.swift in Sources */ = {isa = PBXBuildFile; fileRef = E6467D382130378D008AAEF0 /* TestPersistantManger.swift */; };
		E6AD470D21340FE200EDA807 /* PersistDayBudgetStrategy.swift in Sources */ = {isa = PBXBuildFile; fileRef = E6AD470C21340FE100EDA807 /* PersistDayBudgetStrategy.swift */; };
		E6AD470F21340FFC00EDA807 /* UserDefaultsManager.swift in Sources */ = {isa = PBXBuildFile; fileRef = E6AD470E21340FFC00EDA807 /* UserDefaultsManager.swift */; };
		E6BF7C6E212D954B00B6CFE6 /* AppDelegate.swift in Sources */ = {isa = PBXBuildFile; fileRef = E6BF7C6D212D954B00B6CFE6 /* AppDelegate.swift */; };
		E6BF7C70212D954B00B6CFE6 /* DayBudgetViewController.swift in Sources */ = {isa = PBXBuildFile; fileRef = E6BF7C6F212D954B00B6CFE6 /* DayBudgetViewController.swift */; };
		E6BF7C73212D954B00B6CFE6 /* Main.storyboard in Resources */ = {isa = PBXBuildFile; fileRef = E6BF7C71212D954B00B6CFE6 /* Main.storyboard */; };
		E6BF7C76212D954B00B6CFE6 /* Budget.xcdatamodeld in Sources */ = {isa = PBXBuildFile; fileRef = E6BF7C74212D954B00B6CFE6 /* Budget.xcdatamodeld */; };
		E6BF7C78212D954D00B6CFE6 /* Assets.xcassets in Resources */ = {isa = PBXBuildFile; fileRef = E6BF7C77212D954D00B6CFE6 /* Assets.xcassets */; };
		E6BF7C7B212D954D00B6CFE6 /* LaunchScreen.storyboard in Resources */ = {isa = PBXBuildFile; fileRef = E6BF7C79212D954D00B6CFE6 /* LaunchScreen.storyboard */; };
		E6BF7C86212D954D00B6CFE6 /* DayBudgetTests.swift in Sources */ = {isa = PBXBuildFile; fileRef = E6BF7C85212D954D00B6CFE6 /* DayBudgetTests.swift */; };
		E6BF7C91212D954D00B6CFE6 /* BudgetUITests.swift in Sources */ = {isa = PBXBuildFile; fileRef = E6BF7C90212D954D00B6CFE6 /* BudgetUITests.swift */; };
		E6BF7CA1212D986A00B6CFE6 /* DayBudget.swift in Sources */ = {isa = PBXBuildFile; fileRef = E6BF7CA0212D986A00B6CFE6 /* DayBudget.swift */; };
		E6BF7CA4212D9D6600B6CFE6 /* DayBudgetView.swift in Sources */ = {isa = PBXBuildFile; fileRef = E6BF7CA3212D9D6600B6CFE6 /* DayBudgetView.swift */; };
		E6BF7CA7212DAD9900B6CFE6 /* Extensions.swift in Sources */ = {isa = PBXBuildFile; fileRef = E6BF7CA6212DAD9900B6CFE6 /* Extensions.swift */; };
		E6E256D7212EDE71001EA2A4 /* AddExpenseViewController.swift in Sources */ = {isa = PBXBuildFile; fileRef = E6E256D6212EDE71001EA2A4 /* AddExpenseViewController.swift */; };
		E6E256D9212EDFB4001EA2A4 /* AddExpenseView.swift in Sources */ = {isa = PBXBuildFile; fileRef = E6E256D8212EDFB4001EA2A4 /* AddExpenseView.swift */; };
		E6E256DB212F3B64001EA2A4 /* PersistentBalanceTests.swift in Sources */ = {isa = PBXBuildFile; fileRef = E6E256DA212F3B64001EA2A4 /* PersistentBalanceTests.swift */; };
		E6E256DD212F3C38001EA2A4 /* DayBudgetManager.swift in Sources */ = {isa = PBXBuildFile; fileRef = E6E256DC212F3C38001EA2A4 /* DayBudgetManager.swift */; };
/* End PBXBuildFile section */

/* Begin PBXContainerItemProxy section */
		E6BF7C82212D954D00B6CFE6 /* PBXContainerItemProxy */ = {
			isa = PBXContainerItemProxy;
			containerPortal = E6BF7C62212D954B00B6CFE6 /* Project object */;
			proxyType = 1;
			remoteGlobalIDString = E6BF7C69212D954B00B6CFE6;
			remoteInfo = Budget;
		};
		E6BF7C8D212D954D00B6CFE6 /* PBXContainerItemProxy */ = {
			isa = PBXContainerItemProxy;
			containerPortal = E6BF7C62212D954B00B6CFE6 /* Project object */;
			proxyType = 1;
			remoteGlobalIDString = E6BF7C69212D954B00B6CFE6;
			remoteInfo = Budget;
		};
/* End PBXContainerItemProxy section */

/* Begin PBXFileReference section */
		D197B07C0F429243C98F3BAC /* ExpenseTests.swift */ = {isa = PBXFileReference; fileEncoding = 4; lastKnownFileType = sourcecode.swift; path = ExpenseTests.swift; sourceTree = "<group>"; };
		D197BA833C2DD32EE562050F /* Expense.swift */ = {isa = PBXFileReference; fileEncoding = 4; lastKnownFileType = sourcecode.swift; path = Expense.swift; sourceTree = "<group>"; };
		E6467D382130378D008AAEF0 /* TestPersistantManger.swift */ = {isa = PBXFileReference; lastKnownFileType = sourcecode.swift; path = TestPersistantManger.swift; sourceTree = "<group>"; };
		E6AD470C21340FE100EDA807 /* PersistDayBudgetStrategy.swift */ = {isa = PBXFileReference; lastKnownFileType = sourcecode.swift; path = PersistDayBudgetStrategy.swift; sourceTree = "<group>"; };
		E6AD470E21340FFC00EDA807 /* UserDefaultsManager.swift */ = {isa = PBXFileReference; lastKnownFileType = sourcecode.swift; path = UserDefaultsManager.swift; sourceTree = "<group>"; };
		E6BF7C6A212D954B00B6CFE6 /* Budget.app */ = {isa = PBXFileReference; explicitFileType = wrapper.application; includeInIndex = 0; path = Budget.app; sourceTree = BUILT_PRODUCTS_DIR; };
		E6BF7C6D212D954B00B6CFE6 /* AppDelegate.swift */ = {isa = PBXFileReference; lastKnownFileType = sourcecode.swift; path = AppDelegate.swift; sourceTree = "<group>"; };
		E6BF7C6F212D954B00B6CFE6 /* DayBudgetViewController.swift */ = {isa = PBXFileReference; lastKnownFileType = sourcecode.swift; path = DayBudgetViewController.swift; sourceTree = "<group>"; };
		E6BF7C72212D954B00B6CFE6 /* Base */ = {isa = PBXFileReference; lastKnownFileType = file.storyboard; name = Base; path = Base.lproj/Main.storyboard; sourceTree = "<group>"; };
		E6BF7C75212D954B00B6CFE6 /* Budget.xcdatamodel */ = {isa = PBXFileReference; lastKnownFileType = wrapper.xcdatamodel; path = Budget.xcdatamodel; sourceTree = "<group>"; };
		E6BF7C77212D954D00B6CFE6 /* Assets.xcassets */ = {isa = PBXFileReference; lastKnownFileType = folder.assetcatalog; path = Assets.xcassets; sourceTree = "<group>"; };
		E6BF7C7A212D954D00B6CFE6 /* Base */ = {isa = PBXFileReference; lastKnownFileType = file.storyboard; name = Base; path = Base.lproj/LaunchScreen.storyboard; sourceTree = "<group>"; };
		E6BF7C7C212D954D00B6CFE6 /* Info.plist */ = {isa = PBXFileReference; lastKnownFileType = text.plist.xml; path = Info.plist; sourceTree = "<group>"; };
		E6BF7C81212D954D00B6CFE6 /* BudgetTests.xctest */ = {isa = PBXFileReference; explicitFileType = wrapper.cfbundle; includeInIndex = 0; path = BudgetTests.xctest; sourceTree = BUILT_PRODUCTS_DIR; };
		E6BF7C85212D954D00B6CFE6 /* DayBudgetTests.swift */ = {isa = PBXFileReference; lastKnownFileType = sourcecode.swift; path = DayBudgetTests.swift; sourceTree = "<group>"; };
		E6BF7C87212D954D00B6CFE6 /* Info.plist */ = {isa = PBXFileReference; lastKnownFileType = text.plist.xml; path = Info.plist; sourceTree = "<group>"; };
		E6BF7C8C212D954D00B6CFE6 /* BudgetUITests.xctest */ = {isa = PBXFileReference; explicitFileType = wrapper.cfbundle; includeInIndex = 0; path = BudgetUITests.xctest; sourceTree = BUILT_PRODUCTS_DIR; };
		E6BF7C90212D954D00B6CFE6 /* BudgetUITests.swift */ = {isa = PBXFileReference; lastKnownFileType = sourcecode.swift; path = BudgetUITests.swift; sourceTree = "<group>"; };
		E6BF7C92212D954D00B6CFE6 /* Info.plist */ = {isa = PBXFileReference; lastKnownFileType = text.plist.xml; path = Info.plist; sourceTree = "<group>"; };
		E6BF7CA0212D986A00B6CFE6 /* DayBudget.swift */ = {isa = PBXFileReference; lastKnownFileType = sourcecode.swift; path = DayBudget.swift; sourceTree = "<group>"; };
		E6BF7CA3212D9D6600B6CFE6 /* DayBudgetView.swift */ = {isa = PBXFileReference; lastKnownFileType = sourcecode.swift; path = DayBudgetView.swift; sourceTree = "<group>"; };
		E6BF7CA6212DAD9900B6CFE6 /* Extensions.swift */ = {isa = PBXFileReference; lastKnownFileType = sourcecode.swift; path = Extensions.swift; sourceTree = "<group>"; };
		E6E256D6212EDE71001EA2A4 /* AddExpenseViewController.swift */ = {isa = PBXFileReference; lastKnownFileType = sourcecode.swift; path = AddExpenseViewController.swift; sourceTree = "<group>"; };
		E6E256D8212EDFB4001EA2A4 /* AddExpenseView.swift */ = {isa = PBXFileReference; lastKnownFileType = sourcecode.swift; path = AddExpenseView.swift; sourceTree = "<group>"; };
		E6E256DA212F3B64001EA2A4 /* PersistentBalanceTests.swift */ = {isa = PBXFileReference; lastKnownFileType = sourcecode.swift; path = PersistentBalanceTests.swift; sourceTree = "<group>"; };
		E6E256DC212F3C38001EA2A4 /* DayBudgetManager.swift */ = {isa = PBXFileReference; lastKnownFileType = sourcecode.swift; path = DayBudgetManager.swift; sourceTree = "<group>"; };
/* End PBXFileReference section */

/* Begin PBXFrameworksBuildPhase section */
		E6BF7C67212D954B00B6CFE6 /* Frameworks */ = {
			isa = PBXFrameworksBuildPhase;
			buildActionMask = 2147483647;
			files = (
			);
			runOnlyForDeploymentPostprocessing = 0;
		};
		E6BF7C7E212D954D00B6CFE6 /* Frameworks */ = {
			isa = PBXFrameworksBuildPhase;
			buildActionMask = 2147483647;
			files = (
			);
			runOnlyForDeploymentPostprocessing = 0;
		};
		E6BF7C89212D954D00B6CFE6 /* Frameworks */ = {
			isa = PBXFrameworksBuildPhase;
			buildActionMask = 2147483647;
			files = (
			);
			runOnlyForDeploymentPostprocessing = 0;
		};
/* End PBXFrameworksBuildPhase section */

/* Begin PBXGroup section */
		E6AD470B21340FCD00EDA807 /* Persist Strategies */ = {
			isa = PBXGroup;
			children = (
				E6AD470C21340FE100EDA807 /* PersistDayBudgetStrategy.swift */,
				E6AD470E21340FFC00EDA807 /* UserDefaultsManager.swift */,
			);
			path = "Persist Strategies";
			sourceTree = "<group>";
		};
		E6BF7C61212D954B00B6CFE6 = {
			isa = PBXGroup;
			children = (
				E6BF7C6C212D954B00B6CFE6 /* Budget */,
				E6BF7C84212D954D00B6CFE6 /* BudgetTests */,
				E6BF7C8F212D954D00B6CFE6 /* BudgetUITests */,
				E6BF7C6B212D954B00B6CFE6 /* Products */,
			);
			sourceTree = "<group>";
		};
		E6BF7C6B212D954B00B6CFE6 /* Products */ = {
			isa = PBXGroup;
			children = (
				E6BF7C6A212D954B00B6CFE6 /* Budget.app */,
				E6BF7C81212D954D00B6CFE6 /* BudgetTests.xctest */,
				E6BF7C8C212D954D00B6CFE6 /* BudgetUITests.xctest */,
			);
			name = Products;
			sourceTree = "<group>";
		};
		E6BF7C6C212D954B00B6CFE6 /* Budget */ = {
			isa = PBXGroup;
			children = (
				E6AD470B21340FCD00EDA807 /* Persist Strategies */,
				E6E256D5212EDE5D001EA2A4 /* Add Expense */,
				E6BF7CA2212D9D3500B6CFE6 /* DayBudget */,
				E6BF7C9F212D95BC00B6CFE6 /* Resources */,
				E6BF7C9E212D95A800B6CFE6 /* AppDelegate */,
				E6BF7C71212D954B00B6CFE6 /* Main.storyboard */,
				E6BF7C79212D954D00B6CFE6 /* LaunchScreen.storyboard */,
				E6BF7C74212D954B00B6CFE6 /* Budget.xcdatamodeld */,
			);
			path = Budget;
			sourceTree = "<group>";
		};
		E6BF7C84212D954D00B6CFE6 /* BudgetTests */ = {
			isa = PBXGroup;
			children = (
				E6BF7C85212D954D00B6CFE6 /* DayBudgetTests.swift */,
				E6E256DA212F3B64001EA2A4 /* PersistentBalanceTests.swift */,
				E6467D382130378D008AAEF0 /* TestPersistantManger.swift */,
				E6BF7C87212D954D00B6CFE6 /* Info.plist */,
				D197B07C0F429243C98F3BAC /* ExpenseTests.swift */,
			);
			path = BudgetTests;
			sourceTree = "<group>";
		};
		E6BF7C8F212D954D00B6CFE6 /* BudgetUITests */ = {
			isa = PBXGroup;
			children = (
				E6BF7C90212D954D00B6CFE6 /* BudgetUITests.swift */,
				E6BF7C92212D954D00B6CFE6 /* Info.plist */,
			);
			path = BudgetUITests;
			sourceTree = "<group>";
		};
		E6BF7C9E212D95A800B6CFE6 /* AppDelegate */ = {
			isa = PBXGroup;
			children = (
				E6BF7C6D212D954B00B6CFE6 /* AppDelegate.swift */,
			);
			path = AppDelegate;
			sourceTree = "<group>";
		};
		E6BF7C9F212D95BC00B6CFE6 /* Resources */ = {
			isa = PBXGroup;
			children = (
				E6BF7C7C212D954D00B6CFE6 /* Info.plist */,
				E6BF7C77212D954D00B6CFE6 /* Assets.xcassets */,
				E6BF7CA6212DAD9900B6CFE6 /* Extensions.swift */,
			);
			path = Resources;
			sourceTree = "<group>";
		};
		E6BF7CA2212D9D3500B6CFE6 /* DayBudget */ = {
			isa = PBXGroup;
			children = (
				E6BF7CA0212D986A00B6CFE6 /* DayBudget.swift */,
				E6E256DC212F3C38001EA2A4 /* DayBudgetManager.swift */,
				E6BF7C6F212D954B00B6CFE6 /* DayBudgetViewController.swift */,
				E6BF7CA3212D9D6600B6CFE6 /* DayBudgetView.swift */,
			);
			path = DayBudget;
			sourceTree = "<group>";
		};
		E6E256D5212EDE5D001EA2A4 /* Add Expense */ = {
			isa = PBXGroup;
			children = (
				E6E256D6212EDE71001EA2A4 /* AddExpenseViewController.swift */,
				E6E256D8212EDFB4001EA2A4 /* AddExpenseView.swift */,
				D197BA833C2DD32EE562050F /* Expense.swift */,
			);
			path = "Add Expense";
			sourceTree = "<group>";
		};
/* End PBXGroup section */

/* Begin PBXNativeTarget section */
		E6BF7C69212D954B00B6CFE6 /* Budget */ = {
			isa = PBXNativeTarget;
			buildConfigurationList = E6BF7C95212D954D00B6CFE6 /* Build configuration list for PBXNativeTarget "Budget" */;
			buildPhases = (
				E6BF7C66212D954B00B6CFE6 /* Sources */,
				E6BF7C67212D954B00B6CFE6 /* Frameworks */,
				E6BF7C68212D954B00B6CFE6 /* Resources */,
			);
			buildRules = (
			);
			dependencies = (
			);
			name = Budget;
			productName = Budget;
			productReference = E6BF7C6A212D954B00B6CFE6 /* Budget.app */;
			productType = "com.apple.product-type.application";
		};
		E6BF7C80212D954D00B6CFE6 /* BudgetTests */ = {
			isa = PBXNativeTarget;
			buildConfigurationList = E6BF7C98212D954D00B6CFE6 /* Build configuration list for PBXNativeTarget "BudgetTests" */;
			buildPhases = (
				E6BF7C7D212D954D00B6CFE6 /* Sources */,
				E6BF7C7E212D954D00B6CFE6 /* Frameworks */,
				E6BF7C7F212D954D00B6CFE6 /* Resources */,
			);
			buildRules = (
			);
			dependencies = (
				E6BF7C83212D954D00B6CFE6 /* PBXTargetDependency */,
			);
			name = BudgetTests;
			productName = BudgetTests;
			productReference = E6BF7C81212D954D00B6CFE6 /* BudgetTests.xctest */;
			productType = "com.apple.product-type.bundle.unit-test";
		};
		E6BF7C8B212D954D00B6CFE6 /* BudgetUITests */ = {
			isa = PBXNativeTarget;
			buildConfigurationList = E6BF7C9B212D954D00B6CFE6 /* Build configuration list for PBXNativeTarget "BudgetUITests" */;
			buildPhases = (
				E6BF7C88212D954D00B6CFE6 /* Sources */,
				E6BF7C89212D954D00B6CFE6 /* Frameworks */,
				E6BF7C8A212D954D00B6CFE6 /* Resources */,
			);
			buildRules = (
			);
			dependencies = (
				E6BF7C8E212D954D00B6CFE6 /* PBXTargetDependency */,
			);
			name = BudgetUITests;
			productName = BudgetUITests;
			productReference = E6BF7C8C212D954D00B6CFE6 /* BudgetUITests.xctest */;
			productType = "com.apple.product-type.bundle.ui-testing";
		};
/* End PBXNativeTarget section */

/* Begin PBXProject section */
		E6BF7C62212D954B00B6CFE6 /* Project object */ = {
			isa = PBXProject;
			attributes = {
				LastSwiftUpdateCheck = 1000;
				LastUpgradeCheck = 1000;
				ORGANIZATIONNAME = "Bakken & Bæck";
				TargetAttributes = {
					E6BF7C69212D954B00B6CFE6 = {
						CreatedOnToolsVersion = 10.0;
					};
					E6BF7C80212D954D00B6CFE6 = {
						CreatedOnToolsVersion = 10.0;
						TestTargetID = E6BF7C69212D954B00B6CFE6;
					};
					E6BF7C8B212D954D00B6CFE6 = {
						CreatedOnToolsVersion = 10.0;
						TestTargetID = E6BF7C69212D954B00B6CFE6;
					};
				};
			};
			buildConfigurationList = E6BF7C65212D954B00B6CFE6 /* Build configuration list for PBXProject "Budget" */;
			compatibilityVersion = "Xcode 9.3";
			developmentRegion = en;
			hasScannedForEncodings = 0;
			knownRegions = (
				en,
				Base,
			);
			mainGroup = E6BF7C61212D954B00B6CFE6;
			productRefGroup = E6BF7C6B212D954B00B6CFE6 /* Products */;
			projectDirPath = "";
			projectRoot = "";
			targets = (
				E6BF7C69212D954B00B6CFE6 /* Budget */,
				E6BF7C80212D954D00B6CFE6 /* BudgetTests */,
				E6BF7C8B212D954D00B6CFE6 /* BudgetUITests */,
			);
		};
/* End PBXProject section */

/* Begin PBXResourcesBuildPhase section */
		E6BF7C68212D954B00B6CFE6 /* Resources */ = {
			isa = PBXResourcesBuildPhase;
			buildActionMask = 2147483647;
			files = (
				E6BF7C7B212D954D00B6CFE6 /* LaunchScreen.storyboard in Resources */,
				E6BF7C78212D954D00B6CFE6 /* Assets.xcassets in Resources */,
				E6BF7C73212D954B00B6CFE6 /* Main.storyboard in Resources */,
			);
			runOnlyForDeploymentPostprocessing = 0;
		};
		E6BF7C7F212D954D00B6CFE6 /* Resources */ = {
			isa = PBXResourcesBuildPhase;
			buildActionMask = 2147483647;
			files = (
			);
			runOnlyForDeploymentPostprocessing = 0;
		};
		E6BF7C8A212D954D00B6CFE6 /* Resources */ = {
			isa = PBXResourcesBuildPhase;
			buildActionMask = 2147483647;
			files = (
			);
			runOnlyForDeploymentPostprocessing = 0;
		};
/* End PBXResourcesBuildPhase section */

/* Begin PBXSourcesBuildPhase section */
		E6BF7C66212D954B00B6CFE6 /* Sources */ = {
			isa = PBXSourcesBuildPhase;
			buildActionMask = 2147483647;
			files = (
				E6AD470D21340FE200EDA807 /* PersistDayBudgetStrategy.swift in Sources */,
				E6AD470F21340FFC00EDA807 /* UserDefaultsManager.swift in Sources */,
				E6BF7C70212D954B00B6CFE6 /* DayBudgetViewController.swift in Sources */,
				E6BF7CA7212DAD9900B6CFE6 /* Extensions.swift in Sources */,
				E6BF7C6E212D954B00B6CFE6 /* AppDelegate.swift in Sources */,
				E6E256D9212EDFB4001EA2A4 /* AddExpenseView.swift in Sources */,
				E6BF7C76212D954B00B6CFE6 /* Budget.xcdatamodeld in Sources */,
				E6BF7CA1212D986A00B6CFE6 /* DayBudget.swift in Sources */,
				E6E256DD212F3C38001EA2A4 /* DayBudgetManager.swift in Sources */,
				E6BF7CA4212D9D6600B6CFE6 /* DayBudgetView.swift in Sources */,
				E6E256D7212EDE71001EA2A4 /* AddExpenseViewController.swift in Sources */,
				D197B7E5B67F2227C61EC3AA /* Expense.swift in Sources */,
			);
			runOnlyForDeploymentPostprocessing = 0;
		};
		E6BF7C7D212D954D00B6CFE6 /* Sources */ = {
			isa = PBXSourcesBuildPhase;
			buildActionMask = 2147483647;
			files = (
				E6BF7C86212D954D00B6CFE6 /* DayBudgetTests.swift in Sources */,
				E6E256DB212F3B64001EA2A4 /* PersistentBalanceTests.swift in Sources */,
				E6467D392130378D008AAEF0 /* TestPersistantManger.swift in Sources */,
				D197BAFA6CE7731CB42ED6B4 /* Expense.swift in Sources */,
				D197B9C940062DB17E5CA124 /* ExpenseTests.swift in Sources */,
			);
			runOnlyForDeploymentPostprocessing = 0;
		};
		E6BF7C88212D954D00B6CFE6 /* Sources */ = {
			isa = PBXSourcesBuildPhase;
			buildActionMask = 2147483647;
			files = (
				E6BF7C91212D954D00B6CFE6 /* BudgetUITests.swift in Sources */,
			);
			runOnlyForDeploymentPostprocessing = 0;
		};
/* End PBXSourcesBuildPhase section */

/* Begin PBXTargetDependency section */
		E6BF7C83212D954D00B6CFE6 /* PBXTargetDependency */ = {
			isa = PBXTargetDependency;
			target = E6BF7C69212D954B00B6CFE6 /* Budget */;
			targetProxy = E6BF7C82212D954D00B6CFE6 /* PBXContainerItemProxy */;
		};
		E6BF7C8E212D954D00B6CFE6 /* PBXTargetDependency */ = {
			isa = PBXTargetDependency;
			target = E6BF7C69212D954B00B6CFE6 /* Budget */;
			targetProxy = E6BF7C8D212D954D00B6CFE6 /* PBXContainerItemProxy */;
		};
/* End PBXTargetDependency section */

/* Begin PBXVariantGroup section */
		E6BF7C71212D954B00B6CFE6 /* Main.storyboard */ = {
			isa = PBXVariantGroup;
			children = (
				E6BF7C72212D954B00B6CFE6 /* Base */,
			);
			name = Main.storyboard;
			sourceTree = "<group>";
		};
		E6BF7C79212D954D00B6CFE6 /* LaunchScreen.storyboard */ = {
			isa = PBXVariantGroup;
			children = (
				E6BF7C7A212D954D00B6CFE6 /* Base */,
			);
			name = LaunchScreen.storyboard;
			sourceTree = "<group>";
		};
/* End PBXVariantGroup section */

/* Begin XCBuildConfiguration section */
		E6BF7C93212D954D00B6CFE6 /* Debug */ = {
			isa = XCBuildConfiguration;
			buildSettings = {
				ALWAYS_SEARCH_USER_PATHS = NO;
				CLANG_ANALYZER_NONNULL = YES;
				CLANG_ANALYZER_NUMBER_OBJECT_CONVERSION = YES_AGGRESSIVE;
				CLANG_CXX_LANGUAGE_STANDARD = "gnu++14";
				CLANG_CXX_LIBRARY = "libc++";
				CLANG_ENABLE_MODULES = YES;
				CLANG_ENABLE_OBJC_ARC = YES;
				CLANG_ENABLE_OBJC_WEAK = YES;
				CLANG_WARN_BLOCK_CAPTURE_AUTORELEASING = YES;
				CLANG_WARN_BOOL_CONVERSION = YES;
				CLANG_WARN_COMMA = YES;
				CLANG_WARN_CONSTANT_CONVERSION = YES;
				CLANG_WARN_DEPRECATED_OBJC_IMPLEMENTATIONS = YES;
				CLANG_WARN_DIRECT_OBJC_ISA_USAGE = YES_ERROR;
				CLANG_WARN_DOCUMENTATION_COMMENTS = YES;
				CLANG_WARN_EMPTY_BODY = YES;
				CLANG_WARN_ENUM_CONVERSION = YES;
				CLANG_WARN_INFINITE_RECURSION = YES;
				CLANG_WARN_INT_CONVERSION = YES;
				CLANG_WARN_NON_LITERAL_NULL_CONVERSION = YES;
				CLANG_WARN_OBJC_IMPLICIT_RETAIN_SELF = YES;
				CLANG_WARN_OBJC_LITERAL_CONVERSION = YES;
				CLANG_WARN_OBJC_ROOT_CLASS = YES_ERROR;
				CLANG_WARN_RANGE_LOOP_ANALYSIS = YES;
				CLANG_WARN_STRICT_PROTOTYPES = YES;
				CLANG_WARN_SUSPICIOUS_MOVE = YES;
				CLANG_WARN_UNGUARDED_AVAILABILITY = YES_AGGRESSIVE;
				CLANG_WARN_UNREACHABLE_CODE = YES;
				CLANG_WARN__DUPLICATE_METHOD_MATCH = YES;
				CODE_SIGN_IDENTITY = "iPhone Developer";
				COPY_PHASE_STRIP = NO;
				DEBUG_INFORMATION_FORMAT = dwarf;
				ENABLE_STRICT_OBJC_MSGSEND = YES;
				ENABLE_TESTABILITY = YES;
				GCC_C_LANGUAGE_STANDARD = gnu11;
				GCC_DYNAMIC_NO_PIC = NO;
				GCC_NO_COMMON_BLOCKS = YES;
				GCC_OPTIMIZATION_LEVEL = 0;
				GCC_PREPROCESSOR_DEFINITIONS = (
					"DEBUG=1",
					"$(inherited)",
				);
				GCC_WARN_64_TO_32_BIT_CONVERSION = YES;
				GCC_WARN_ABOUT_RETURN_TYPE = YES_ERROR;
				GCC_WARN_UNDECLARED_SELECTOR = YES;
				GCC_WARN_UNINITIALIZED_AUTOS = YES_AGGRESSIVE;
				GCC_WARN_UNUSED_FUNCTION = YES;
				GCC_WARN_UNUSED_VARIABLE = YES;
				IPHONEOS_DEPLOYMENT_TARGET = 12.0;
				MTL_ENABLE_DEBUG_INFO = INCLUDE_SOURCE;
				MTL_FAST_MATH = YES;
				ONLY_ACTIVE_ARCH = YES;
				SDKROOT = iphoneos;
				SWIFT_ACTIVE_COMPILATION_CONDITIONS = DEBUG;
				SWIFT_OPTIMIZATION_LEVEL = "-Onone";
			};
			name = Debug;
		};
		E6BF7C94212D954D00B6CFE6 /* Release */ = {
			isa = XCBuildConfiguration;
			buildSettings = {
				ALWAYS_SEARCH_USER_PATHS = NO;
				CLANG_ANALYZER_NONNULL = YES;
				CLANG_ANALYZER_NUMBER_OBJECT_CONVERSION = YES_AGGRESSIVE;
				CLANG_CXX_LANGUAGE_STANDARD = "gnu++14";
				CLANG_CXX_LIBRARY = "libc++";
				CLANG_ENABLE_MODULES = YES;
				CLANG_ENABLE_OBJC_ARC = YES;
				CLANG_ENABLE_OBJC_WEAK = YES;
				CLANG_WARN_BLOCK_CAPTURE_AUTORELEASING = YES;
				CLANG_WARN_BOOL_CONVERSION = YES;
				CLANG_WARN_COMMA = YES;
				CLANG_WARN_CONSTANT_CONVERSION = YES;
				CLANG_WARN_DEPRECATED_OBJC_IMPLEMENTATIONS = YES;
				CLANG_WARN_DIRECT_OBJC_ISA_USAGE = YES_ERROR;
				CLANG_WARN_DOCUMENTATION_COMMENTS = YES;
				CLANG_WARN_EMPTY_BODY = YES;
				CLANG_WARN_ENUM_CONVERSION = YES;
				CLANG_WARN_INFINITE_RECURSION = YES;
				CLANG_WARN_INT_CONVERSION = YES;
				CLANG_WARN_NON_LITERAL_NULL_CONVERSION = YES;
				CLANG_WARN_OBJC_IMPLICIT_RETAIN_SELF = YES;
				CLANG_WARN_OBJC_LITERAL_CONVERSION = YES;
				CLANG_WARN_OBJC_ROOT_CLASS = YES_ERROR;
				CLANG_WARN_RANGE_LOOP_ANALYSIS = YES;
				CLANG_WARN_STRICT_PROTOTYPES = YES;
				CLANG_WARN_SUSPICIOUS_MOVE = YES;
				CLANG_WARN_UNGUARDED_AVAILABILITY = YES_AGGRESSIVE;
				CLANG_WARN_UNREACHABLE_CODE = YES;
				CLANG_WARN__DUPLICATE_METHOD_MATCH = YES;
				CODE_SIGN_IDENTITY = "iPhone Developer";
				COPY_PHASE_STRIP = NO;
				DEBUG_INFORMATION_FORMAT = "dwarf-with-dsym";
				ENABLE_NS_ASSERTIONS = NO;
				ENABLE_STRICT_OBJC_MSGSEND = YES;
				GCC_C_LANGUAGE_STANDARD = gnu11;
				GCC_NO_COMMON_BLOCKS = YES;
				GCC_WARN_64_TO_32_BIT_CONVERSION = YES;
				GCC_WARN_ABOUT_RETURN_TYPE = YES_ERROR;
				GCC_WARN_UNDECLARED_SELECTOR = YES;
				GCC_WARN_UNINITIALIZED_AUTOS = YES_AGGRESSIVE;
				GCC_WARN_UNUSED_FUNCTION = YES;
				GCC_WARN_UNUSED_VARIABLE = YES;
				IPHONEOS_DEPLOYMENT_TARGET = 12.0;
				MTL_ENABLE_DEBUG_INFO = NO;
				MTL_FAST_MATH = YES;
				SDKROOT = iphoneos;
				SWIFT_COMPILATION_MODE = wholemodule;
				SWIFT_OPTIMIZATION_LEVEL = "-O";
				VALIDATE_PRODUCT = YES;
			};
			name = Release;
		};
		E6BF7C96212D954D00B6CFE6 /* Debug */ = {
			isa = XCBuildConfiguration;
			buildSettings = {
				ASSETCATALOG_COMPILER_APPICON_NAME = AppIcon;
				CODE_SIGN_STYLE = Automatic;
				DEVELOPMENT_TEAM = XQGU35SQPN;
				INFOPLIST_FILE = "$(SRCROOT)/Budget/Resources/Info.plist";
				IPHONEOS_DEPLOYMENT_TARGET = 11.0;
				LD_RUNPATH_SEARCH_PATHS = (
					"$(inherited)",
					"@executable_path/Frameworks",
				);
				PRODUCT_BUNDLE_IDENTIFIER = com.bakkenbaeck.Budget;
				PRODUCT_NAME = "$(TARGET_NAME)";
				SWIFT_VERSION = 4.0;
				TARGETED_DEVICE_FAMILY = "1,2";
			};
			name = Debug;
		};
		E6BF7C97212D954D00B6CFE6 /* Release */ = {
			isa = XCBuildConfiguration;
			buildSettings = {
				ASSETCATALOG_COMPILER_APPICON_NAME = AppIcon;
				CODE_SIGN_STYLE = Automatic;
				DEVELOPMENT_TEAM = XQGU35SQPN;
				INFOPLIST_FILE = "$(SRCROOT)/Budget/Resources/Info.plist";
				IPHONEOS_DEPLOYMENT_TARGET = 11.0;
				LD_RUNPATH_SEARCH_PATHS = (
					"$(inherited)",
					"@executable_path/Frameworks",
				);
				PRODUCT_BUNDLE_IDENTIFIER = com.bakkenbaeck.Budget;
				PRODUCT_NAME = "$(TARGET_NAME)";
				SWIFT_VERSION = 4.0;
				TARGETED_DEVICE_FAMILY = "1,2";
			};
			name = Release;
		};
		E6BF7C99212D954D00B6CFE6 /* Debug */ = {
			isa = XCBuildConfiguration;
			buildSettings = {
				ALWAYS_EMBED_SWIFT_STANDARD_LIBRARIES = YES;
				BUNDLE_LOADER = "$(TEST_HOST)";
				CODE_SIGN_STYLE = Automatic;
				DEVELOPMENT_TEAM = 29X3GG489T;
				INFOPLIST_FILE = BudgetTests/Info.plist;
				LD_RUNPATH_SEARCH_PATHS = (
					"$(inherited)",
					"@executable_path/Frameworks",
					"@loader_path/Frameworks",
				);
				PRODUCT_BUNDLE_IDENTIFIER = com.bakkenbaeck.BudgetTests;
				PRODUCT_NAME = "$(TARGET_NAME)";
				SWIFT_VERSION = 4.2;
				TARGETED_DEVICE_FAMILY = "1,2";
				TEST_HOST = "$(BUILT_PRODUCTS_DIR)/Budget.app/Budget";
			};
			name = Debug;
		};
		E6BF7C9A212D954D00B6CFE6 /* Release */ = {
			isa = XCBuildConfiguration;
			buildSettings = {
				ALWAYS_EMBED_SWIFT_STANDARD_LIBRARIES = YES;
				BUNDLE_LOADER = "$(TEST_HOST)";
				CODE_SIGN_STYLE = Automatic;
				DEVELOPMENT_TEAM = 29X3GG489T;
				INFOPLIST_FILE = BudgetTests/Info.plist;
				LD_RUNPATH_SEARCH_PATHS = (
					"$(inherited)",
					"@executable_path/Frameworks",
					"@loader_path/Frameworks",
				);
				PRODUCT_BUNDLE_IDENTIFIER = com.bakkenbaeck.BudgetTests;
				PRODUCT_NAME = "$(TARGET_NAME)";
				SWIFT_VERSION = 4.2;
				TARGETED_DEVICE_FAMILY = "1,2";
				TEST_HOST = "$(BUILT_PRODUCTS_DIR)/Budget.app/Budget";
			};
			name = Release;
		};
		E6BF7C9C212D954D00B6CFE6 /* Debug */ = {
			isa = XCBuildConfiguration;
			buildSettings = {
				ALWAYS_EMBED_SWIFT_STANDARD_LIBRARIES = YES;
				CODE_SIGN_STYLE = Automatic;
				DEVELOPMENT_TEAM = 29X3GG489T;
				INFOPLIST_FILE = BudgetUITests/Info.plist;
				LD_RUNPATH_SEARCH_PATHS = (
					"$(inherited)",
					"@executable_path/Frameworks",
					"@loader_path/Frameworks",
				);
				PRODUCT_BUNDLE_IDENTIFIER = com.bakkenbaeck.BudgetUITests;
				PRODUCT_NAME = "$(TARGET_NAME)";
				SWIFT_VERSION = 4.2;
				TARGETED_DEVICE_FAMILY = "1,2";
				TEST_TARGET_NAME = Budget;
			};
			name = Debug;
		};
		E6BF7C9D212D954D00B6CFE6 /* Release */ = {
			isa = XCBuildConfiguration;
			buildSettings = {
				ALWAYS_EMBED_SWIFT_STANDARD_LIBRARIES = YES;
				CODE_SIGN_STYLE = Automatic;
				DEVELOPMENT_TEAM = 29X3GG489T;
				INFOPLIST_FILE = BudgetUITests/Info.plist;
				LD_RUNPATH_SEARCH_PATHS = (
					"$(inherited)",
					"@executable_path/Frameworks",
					"@loader_path/Frameworks",
				);
				PRODUCT_BUNDLE_IDENTIFIER = com.bakkenbaeck.BudgetUITests;
				PRODUCT_NAME = "$(TARGET_NAME)";
				SWIFT_VERSION = 4.2;
				TARGETED_DEVICE_FAMILY = "1,2";
				TEST_TARGET_NAME = Budget;
			};
			name = Release;
		};
/* End XCBuildConfiguration section */

/* Begin XCConfigurationList section */
		E6BF7C65212D954B00B6CFE6 /* Build configuration list for PBXProject "Budget" */ = {
			isa = XCConfigurationList;
			buildConfigurations = (
				E6BF7C93212D954D00B6CFE6 /* Debug */,
				E6BF7C94212D954D00B6CFE6 /* Release */,
			);
			defaultConfigurationIsVisible = 0;
			defaultConfigurationName = Release;
		};
		E6BF7C95212D954D00B6CFE6 /* Build configuration list for PBXNativeTarget "Budget" */ = {
			isa = XCConfigurationList;
			buildConfigurations = (
				E6BF7C96212D954D00B6CFE6 /* Debug */,
				E6BF7C97212D954D00B6CFE6 /* Release */,
			);
			defaultConfigurationIsVisible = 0;
			defaultConfigurationName = Release;
		};
		E6BF7C98212D954D00B6CFE6 /* Build configuration list for PBXNativeTarget "BudgetTests" */ = {
			isa = XCConfigurationList;
			buildConfigurations = (
				E6BF7C99212D954D00B6CFE6 /* Debug */,
				E6BF7C9A212D954D00B6CFE6 /* Release */,
			);
			defaultConfigurationIsVisible = 0;
			defaultConfigurationName = Release;
		};
		E6BF7C9B212D954D00B6CFE6 /* Build configuration list for PBXNativeTarget "BudgetUITests" */ = {
			isa = XCConfigurationList;
			buildConfigurations = (
				E6BF7C9C212D954D00B6CFE6 /* Debug */,
				E6BF7C9D212D954D00B6CFE6 /* Release */,
			);
			defaultConfigurationIsVisible = 0;
			defaultConfigurationName = Release;
		};
/* End XCConfigurationList section */

/* Begin XCVersionGroup section */
		E6BF7C74212D954B00B6CFE6 /* Budget.xcdatamodeld */ = {
			isa = XCVersionGroup;
			children = (
				E6BF7C75212D954B00B6CFE6 /* Budget.xcdatamodel */,
			);
			currentVersion = E6BF7C75212D954B00B6CFE6 /* Budget.xcdatamodel */;
			path = Budget.xcdatamodeld;
			sourceTree = "<group>";
			versionGroupType = wrapper.xcdatamodel;
		};
/* End XCVersionGroup section */
	};
	rootObject = E6BF7C62212D954B00B6CFE6 /* Project object */;
}
