<?xml version="1.0" encoding="UTF-8"?>
<Scheme
   version = "1.3">
   <BuildAction>
      <BuildActionEntries>
         <BuildActionEntry
            buildForRunning = "YES"
            buildForTesting = "YES">
            <BuildableReference
               BuildableIdentifier = "primary"
               BlueprintIdentifier = "E6BF7C80212D954D00B6CFE6"
               BuildableName = "BudgetTests.xctest"
               BlueprintName = "BudgetTests"
               ReferencedContainer = "container:Budget.xcodeproj">
            </BuildableReference>
         </BuildActionEntry>
      </BuildActionEntries>
   </BuildAction>
   <TestAction
      buildConfiguration = "Debug">
      <Testables>
         <TestableReference>
            <BuildableReference
               BuildableIdentifier = "primary"
               BlueprintIdentifier = "E6BF7C80212D954D00B6CFE6"
               BuildableName = "BudgetTests.xctest"
               BlueprintName = "BudgetTests"
               ReferencedContainer = "container:Budget.xcodeproj">
            </BuildableReference>
            <SkippedTests>
               <Test
                  Identifier = "DayBudgetTests/testAddExpense">
               </Test>
               <Test
                  Identifier = "DayBudgetTests/testBudgetFromLongAgoBudget">
               </Test>
               <Test
                  Identifier = "DayBudgetTests/testBudgetFromPreviousBudget">
               </Test>
               <Test
                  Identifier = "DayBudgetTests/testBudgetFromPreviousBudgetWithExpenses">
               </Test>
               <Test
                  Identifier = "ExpenseTests">
               </Test>
               <Test
                  Identifier = "PersistentBalanceTests">
               </Test>
            </SkippedTests>
         </TestableReference>
      </Testables>
   </TestAction>
   <LaunchAction
      useCustomWorkingDirectory = "NO"
      allowLocationSimulation = "YES">
   </LaunchAction>
</Scheme>
